
Microsoft Visual Studio Solution File, Format Version 12.00
# Visual Studio 15
VisualStudioVersion = 15.0.28010.2036
MinimumVisualStudioVersion = 10.0.40219.1
Project("{FAE04EC0-301F-11D3-BF4B-00C04F79EFBC}") = "AlgoDatSS19", "AlgoDatSS19\AlgoDatSS19.csproj", "{E581248A-BD1A-4EFD-B434-04CC230C32A3}"
EndProject
Global
	GlobalSection(SolutionConfigurationPlatforms) = preSolution
		Debug|Any CPU = Debug|Any CPU
		Release|Any CPU = Release|Any CPU
	EndGlobalSection
	GlobalSection(ProjectConfigurationPlatforms) = postSolution
		{E581248A-BD1A-4EFD-B434-04CC230C32A3}.Debug|Any CPU.ActiveCfg = Debug|Any CPU
		{E581248A-BD1A-4EFD-B434-04CC230C32A3}.Debug|Any CPU.Build.0 = Debug|Any CPU
		{E581248A-BD1A-4EFD-B434-04CC230C32A3}.Release|Any CPU.ActiveCfg = Release|Any CPU
		{E581248A-BD1A-4EFD-B434-04CC230C32A3}.Release|Any CPU.Build.0 = Release|Any CPU
	EndGlobalSection
	GlobalSection(SolutionProperties) = preSolution
		HideSolutionNode = FALSE
	EndGlobalSection
	GlobalSection(ExtensibilityGlobals) = postSolution
		SolutionGuid = {68CECDB6-6B07-4BB1-88BB-70802F6EF470}
	EndGlobalSection
EndGlobal
